{
  "lockfileVersion": 1,
  "configVersion": 1,
  "workspaces": {
    "": {
      "name": "hermes",
      "devDependencies": {
        "@types/bun": "latest",
        "husky": "^9.1.7",
        "lint-staged": "^16.2.7",
        "oxfmt": "^0.19.0",
        "oxlint": "^1.34.0",
        "typescript": "^5",
      },
    },
    "apps/lofn": {
      "name": "@hermes/lofn",
      "version": "1.0.0",
      "dependencies": {
        "@effect/ai": "^0.32.1",
        "@effect/ai-anthropic": "^0.22.0",
        "@effect/ai-google": "^0.11.1",
        "@effect/ai-openai": "^0.36.0",
        "@effect/platform": "^0.93.8",
        "@effect/platform-bun": "^0.86.0",
        "@effect/schema": "^0.75.5",
        "backend": "workspace:*",
        "convex": "catalog:",
        "effect": "^3.19.12",
        "nodejs-polars": "^0.23.4",
      },
    },
    "packages/backend": {
      "name": "backend",
      "dependencies": {
        "@effect/ai": "^0.33.0",
        "@effect/ai-anthropic": "^0.23.0",
        "@effect/ai-google": "^0.12.0",
        "@effect/ai-openai": "^0.37.0",
        "@effect/platform": "^0.94.0",
        "convex": "catalog:",
        "effect": "^3.19.13",
      },
      "devDependencies": {
        "@types/bun": "latest",
      },
      "peerDependencies": {
        "typescript": "^5",
      },
    },
  },
  "catalog": {
    "@t3-oss/env-core": "latest",
    "convex": "^1.31.2",
    "react": "^19.0.0",
    "react-dom": "^19.0.0",
  },
  "packages": {
    "@anthropic-ai/tokenizer": ["@anthropic-ai/tokenizer@0.0.4", "", { "dependencies": { "@types/node": "^18.11.18", "tiktoken": "^1.0.10" } }, "sha512-EHRKbxlxlc8W4KCBEseByJ7YwyYCmgu9OyN59H9+IYIGPoKv8tXyQXinkeGDI+cI8Tiuz9wk2jZb/kK7AyvL7g=="],

    "@effect/ai": ["@effect/ai@0.32.1", "", { "dependencies": { "find-my-way-ts": "^0.1.6" }, "peerDependencies": { "@effect/experimental": "^0.57.0", "@effect/platform": "^0.93.0", "@effect/rpc": "^0.72.1", "effect": "^3.19.3" } }, "sha512-6qedQhnHigkRjNsUGaXKqvsbwhvQH3Ez3aePeROBRJi0c8q9tnR1E8qhQrTSjVPWcrv9AFtP0NRTr6iAHujGWQ=="],

    "@effect/ai-anthropic": ["@effect/ai-anthropic@0.22.0", "", { "dependencies": { "@anthropic-ai/tokenizer": "^0.0.4" }, "peerDependencies": { "@effect/ai": "^0.32.0", "@effect/experimental": "^0.57.0", "@effect/platform": "^0.93.0", "effect": "^3.19.0" } }, "sha512-uzgXeC8iAMSVtyFi/HxYPQGBcCBxzbgXKt/wxeyB1FlQGx4Uxn1tBy1dhBc2RvbVRYlT8MIPOCxLcUj1/995zg=="],

    "@effect/ai-google": ["@effect/ai-google@0.11.1", "", { "peerDependencies": { "@effect/ai": "^0.32.1", "@effect/experimental": "^0.57.11", "@effect/platform": "^0.93.7", "effect": "^3.19.11" } }, "sha512-mW8409EBFHSqbNLio/eMlGJdi0UzBJfRfShA5guJHCkWIF7Xoudh0LdRuikt8dIobZlBl1/tdeCyWLaRBeHYyg=="],

    "@effect/ai-openai": ["@effect/ai-openai@0.36.0", "", { "dependencies": { "gpt-tokenizer": "^2.9.0" }, "peerDependencies": { "@effect/ai": "^0.32.1", "@effect/experimental": "^0.57.10", "@effect/platform": "^0.93.6", "effect": "^3.19.8" } }, "sha512-FEcNUy4PYTJP4EhBtREJRAYvr/4/vQTf2mpbuLZgyN2V+PLBSOxQ8Pe95gr1r43jvB9U3W9a8OkMGrq76O2W7g=="],

    "@effect/cluster": ["@effect/cluster@0.55.0", "", { "dependencies": { "kubernetes-types": "^1.30.0" }, "peerDependencies": { "@effect/platform": "^0.93.6", "@effect/rpc": "^0.72.2", "@effect/sql": "^0.48.6", "@effect/workflow": "^0.15.0", "effect": "^3.19.8" } }, "sha512-WeLrGpdtWhr4ap3kcW+G+qYyDqzEa65ypPWsU+sNU2gordENsAkxUQqo8taKr114AOk6WE74q0I7iWABcfGlhQ=="],

    "@effect/experimental": ["@effect/experimental@0.57.11", "", { "dependencies": { "uuid": "^11.0.3" }, "peerDependencies": { "@effect/platform": "^0.93.6", "effect": "^3.19.9", "ioredis": "^5", "lmdb": "^3" }, "optionalPeers": ["ioredis", "lmdb"] }, "sha512-M5uug3Drs/gyTHLfA+XzcIZQGUEV/Jn5yi1POki4oZswhpzNmsVTHl4THpxAordRKwa5lFvTSlsRP684YH7pSw=="],

    "@effect/platform": ["@effect/platform@0.93.8", "", { "dependencies": { "find-my-way-ts": "^0.1.6", "msgpackr": "^1.11.4", "multipasta": "^0.2.7" }, "peerDependencies": { "effect": "^3.19.12" } }, "sha512-xTEy6fyTy4ijmFC3afKgtvYtn/JyPoIov4ZSUWJZUv3VeOcUPNGrrqG6IJlWkXs3NhvSywKv7wc1kw3epCQVZw=="],

    "@effect/platform-bun": ["@effect/platform-bun@0.86.0", "", { "dependencies": { "@effect/platform-node-shared": "^0.56.0", "multipasta": "^0.2.7" }, "peerDependencies": { "@effect/cluster": "^0.55.0", "@effect/platform": "^0.93.6", "@effect/rpc": "^0.72.2", "@effect/sql": "^0.48.6", "effect": "^3.19.8" } }, "sha512-wg6eyzIxHuOd87rHjR18T7DjOtQ0dz8/cQD/pvZo8xFBSZ0AoZXqkHOKuU34DIRA4tp+BdBP6wjDDQYNQK/agQ=="],

    "@effect/platform-node-shared": ["@effect/platform-node-shared@0.56.0", "", { "dependencies": { "@parcel/watcher": "^2.5.1", "multipasta": "^0.2.7", "ws": "^8.18.2" }, "peerDependencies": { "@effect/cluster": "^0.55.0", "@effect/platform": "^0.93.6", "@effect/rpc": "^0.72.2", "@effect/sql": "^0.48.6", "effect": "^3.19.8" } }, "sha512-0RawLcUCLHVGs4ch1nY26P4xM+U6R03ZR02MgNHMsL0slh8YYlal5PnwD/852rJ59O9prQX3Kq8zs+cGVoLAJw=="],

    "@effect/rpc": ["@effect/rpc@0.72.2", "", { "dependencies": { "msgpackr": "^1.11.4" }, "peerDependencies": { "@effect/platform": "^0.93.3", "effect": "^3.19.5" } }, "sha512-BmTXybXCOq96D2r9mvSW/YdiTQs5CStnd4II+lfVKrMr3pMNERKLZ2LG37Tfm4Sy3Q8ire6IVVKO/CN+VR0uQQ=="],

    "@effect/schema": ["@effect/schema@0.75.5", "", { "dependencies": { "fast-check": "^3.21.0" }, "peerDependencies": { "effect": "^3.9.2" } }, "sha512-TQInulTVCuF+9EIbJpyLP6dvxbQJMphrnRqgexm/Ze39rSjfhJuufF7XvU3SxTgg3HnL7B/kpORTJbHhlE6thw=="],

    "@effect/sql": ["@effect/sql@0.48.6", "", { "dependencies": { "uuid": "^11.0.3" }, "peerDependencies": { "@effect/experimental": "^0.57.9", "@effect/platform": "^0.93.6", "effect": "^3.19.8" } }, "sha512-OBIG/DYFxYTA9EXXhqi6sAcX0YLz8Huu8L+wj3a0aOSRPpHm9HkL9a5lacRPPvrVl31rKcEteGa/lO6n26gIFg=="],

    "@effect/workflow": ["@effect/workflow@0.15.2", "", { "peerDependencies": { "@effect/experimental": "^0.57.11", "@effect/platform": "^0.93.6", "@effect/rpc": "^0.72.2", "effect": "^3.19.10" } }, "sha512-UAo5QWEvyyKsnf4EQ7WL3zwiuZS4Wd5fmAxdpcpZSIxNOvsABp3DOuyRCiidD8l3sQhdPwES/UsVK4QOCQ7wew=="],

    "@esbuild/aix-ppc64": ["@esbuild/aix-ppc64@0.25.4", "", { "os": "aix", "cpu": "ppc64" }, "sha512-1VCICWypeQKhVbE9oW/sJaAmjLxhVqacdkvPLEjwlttjfwENRSClS8EjBz0KzRyFSCPDIkuXW34Je/vk7zdB7Q=="],

    "@esbuild/android-arm": ["@esbuild/android-arm@0.25.4", "", { "os": "android", "cpu": "arm" }, "sha512-QNdQEps7DfFwE3hXiU4BZeOV68HHzYwGd0Nthhd3uCkkEKK7/R6MTgM0P7H7FAs5pU/DIWsviMmEGxEoxIZ+ZQ=="],

    "@esbuild/android-arm64": ["@esbuild/android-arm64@0.25.4", "", { "os": "android", "cpu": "arm64" }, "sha512-bBy69pgfhMGtCnwpC/x5QhfxAz/cBgQ9enbtwjf6V9lnPI/hMyT9iWpR1arm0l3kttTr4L0KSLpKmLp/ilKS9A=="],

    "@esbuild/android-x64": ["@esbuild/android-x64@0.25.4", "", { "os": "android", "cpu": "x64" }, "sha512-TVhdVtQIFuVpIIR282btcGC2oGQoSfZfmBdTip2anCaVYcqWlZXGcdcKIUklfX2wj0JklNYgz39OBqh2cqXvcQ=="],

    "@esbuild/darwin-arm64": ["@esbuild/darwin-arm64@0.25.4", "", { "os": "darwin", "cpu": "arm64" }, "sha512-Y1giCfM4nlHDWEfSckMzeWNdQS31BQGs9/rouw6Ub91tkK79aIMTH3q9xHvzH8d0wDru5Ci0kWB8b3up/nl16g=="],

    "@esbuild/darwin-x64": ["@esbuild/darwin-x64@0.25.4", "", { "os": "darwin", "cpu": "x64" }, "sha512-CJsry8ZGM5VFVeyUYB3cdKpd/H69PYez4eJh1W/t38vzutdjEjtP7hB6eLKBoOdxcAlCtEYHzQ/PJ/oU9I4u0A=="],

    "@esbuild/freebsd-arm64": ["@esbuild/freebsd-arm64@0.25.4", "", { "os": "freebsd", "cpu": "arm64" }, "sha512-yYq+39NlTRzU2XmoPW4l5Ifpl9fqSk0nAJYM/V/WUGPEFfek1epLHJIkTQM6bBs1swApjO5nWgvr843g6TjxuQ=="],

    "@esbuild/freebsd-x64": ["@esbuild/freebsd-x64@0.25.4", "", { "os": "freebsd", "cpu": "x64" }, "sha512-0FgvOJ6UUMflsHSPLzdfDnnBBVoCDtBTVyn/MrWloUNvq/5SFmh13l3dvgRPkDihRxb77Y17MbqbCAa2strMQQ=="],

    "@esbuild/linux-arm": ["@esbuild/linux-arm@0.25.4", "", { "os": "linux", "cpu": "arm" }, "sha512-kro4c0P85GMfFYqW4TWOpvmF8rFShbWGnrLqlzp4X1TNWjRY3JMYUfDCtOxPKOIY8B0WC8HN51hGP4I4hz4AaQ=="],

    "@esbuild/linux-arm64": ["@esbuild/linux-arm64@0.25.4", "", { "os": "linux", "cpu": "arm64" }, "sha512-+89UsQTfXdmjIvZS6nUnOOLoXnkUTB9hR5QAeLrQdzOSWZvNSAXAtcRDHWtqAUtAmv7ZM1WPOOeSxDzzzMogiQ=="],

    "@esbuild/linux-ia32": ["@esbuild/linux-ia32@0.25.4", "", { "os": "linux", "cpu": "ia32" }, "sha512-yTEjoapy8UP3rv8dB0ip3AfMpRbyhSN3+hY8mo/i4QXFeDxmiYbEKp3ZRjBKcOP862Ua4b1PDfwlvbuwY7hIGQ=="],

    "@esbuild/linux-loong64": ["@esbuild/linux-loong64@0.25.4", "", { "os": "linux", "cpu": "none" }, "sha512-NeqqYkrcGzFwi6CGRGNMOjWGGSYOpqwCjS9fvaUlX5s3zwOtn1qwg1s2iE2svBe4Q/YOG1q6875lcAoQK/F4VA=="],

    "@esbuild/linux-mips64el": ["@esbuild/linux-mips64el@0.25.4", "", { "os": "linux", "cpu": "none" }, "sha512-IcvTlF9dtLrfL/M8WgNI/qJYBENP3ekgsHbYUIzEzq5XJzzVEV/fXY9WFPfEEXmu3ck2qJP8LG/p3Q8f7Zc2Xg=="],

    "@esbuild/linux-ppc64": ["@esbuild/linux-ppc64@0.25.4", "", { "os": "linux", "cpu": "ppc64" }, "sha512-HOy0aLTJTVtoTeGZh4HSXaO6M95qu4k5lJcH4gxv56iaycfz1S8GO/5Jh6X4Y1YiI0h7cRyLi+HixMR+88swag=="],

    "@esbuild/linux-riscv64": ["@esbuild/linux-riscv64@0.25.4", "", { "os": "linux", "cpu": "none" }, "sha512-i8JUDAufpz9jOzo4yIShCTcXzS07vEgWzyX3NH2G7LEFVgrLEhjwL3ajFE4fZI3I4ZgiM7JH3GQ7ReObROvSUA=="],

    "@esbuild/linux-s390x": ["@esbuild/linux-s390x@0.25.4", "", { "os": "linux", "cpu": "s390x" }, "sha512-jFnu+6UbLlzIjPQpWCNh5QtrcNfMLjgIavnwPQAfoGx4q17ocOU9MsQ2QVvFxwQoWpZT8DvTLooTvmOQXkO51g=="],

    "@esbuild/linux-x64": ["@esbuild/linux-x64@0.25.4", "", { "os": "linux", "cpu": "x64" }, "sha512-6e0cvXwzOnVWJHq+mskP8DNSrKBr1bULBvnFLpc1KY+d+irZSgZ02TGse5FsafKS5jg2e4pbvK6TPXaF/A6+CA=="],

    "@esbuild/netbsd-arm64": ["@esbuild/netbsd-arm64@0.25.4", "", { "os": "none", "cpu": "arm64" }, "sha512-vUnkBYxZW4hL/ie91hSqaSNjulOnYXE1VSLusnvHg2u3jewJBz3YzB9+oCw8DABeVqZGg94t9tyZFoHma8gWZQ=="],

    "@esbuild/netbsd-x64": ["@esbuild/netbsd-x64@0.25.4", "", { "os": "none", "cpu": "x64" }, "sha512-XAg8pIQn5CzhOB8odIcAm42QsOfa98SBeKUdo4xa8OvX8LbMZqEtgeWE9P/Wxt7MlG2QqvjGths+nq48TrUiKw=="],

    "@esbuild/openbsd-arm64": ["@esbuild/openbsd-arm64@0.25.4", "", { "os": "openbsd", "cpu": "arm64" }, "sha512-Ct2WcFEANlFDtp1nVAXSNBPDxyU+j7+tId//iHXU2f/lN5AmO4zLyhDcpR5Cz1r08mVxzt3Jpyt4PmXQ1O6+7A=="],

    "@esbuild/openbsd-x64": ["@esbuild/openbsd-x64@0.25.4", "", { "os": "openbsd", "cpu": "x64" }, "sha512-xAGGhyOQ9Otm1Xu8NT1ifGLnA6M3sJxZ6ixylb+vIUVzvvd6GOALpwQrYrtlPouMqd/vSbgehz6HaVk4+7Afhw=="],

    "@esbuild/sunos-x64": ["@esbuild/sunos-x64@0.25.4", "", { "os": "sunos", "cpu": "x64" }, "sha512-Mw+tzy4pp6wZEK0+Lwr76pWLjrtjmJyUB23tHKqEDP74R3q95luY/bXqXZeYl4NYlvwOqoRKlInQialgCKy67Q=="],

    "@esbuild/win32-arm64": ["@esbuild/win32-arm64@0.25.4", "", { "os": "win32", "cpu": "arm64" }, "sha512-AVUP428VQTSddguz9dO9ngb+E5aScyg7nOeJDrF1HPYu555gmza3bDGMPhmVXL8svDSoqPCsCPjb265yG/kLKQ=="],

    "@esbuild/win32-ia32": ["@esbuild/win32-ia32@0.25.4", "", { "os": "win32", "cpu": "ia32" }, "sha512-i1sW+1i+oWvQzSgfRcxxG2k4I9n3O9NRqy8U+uugaT2Dy7kLO9Y7wI72haOahxceMX8hZAzgGou1FhndRldxRg=="],

    "@esbuild/win32-x64": ["@esbuild/win32-x64@0.25.4", "", { "os": "win32", "cpu": "x64" }, "sha512-nOT2vZNw6hJ+z43oP1SPea/G/6AbN6X+bGNhNuq8NtRHy4wsMhw765IKLNmnjek7GvjWBYQ8Q5VBoYTFg9y1UQ=="],

    "@hermes/lofn": ["@hermes/lofn@workspace:apps/lofn"],

    "@msgpackr-extract/msgpackr-extract-darwin-arm64": ["@msgpackr-extract/msgpackr-extract-darwin-arm64@3.0.3", "", { "os": "darwin", "cpu": "arm64" }, "sha512-QZHtlVgbAdy2zAqNA9Gu1UpIuI8Xvsd1v8ic6B2pZmeFnFcMWiPLfWXh7TVw4eGEZ/C9TH281KwhVoeQUKbyjw=="],

    "@msgpackr-extract/msgpackr-extract-darwin-x64": ["@msgpackr-extract/msgpackr-extract-darwin-x64@3.0.3", "", { "os": "darwin", "cpu": "x64" }, "sha512-mdzd3AVzYKuUmiWOQ8GNhl64/IoFGol569zNRdkLReh6LRLHOXxU4U8eq0JwaD8iFHdVGqSy4IjFL4reoWCDFw=="],

    "@msgpackr-extract/msgpackr-extract-linux-arm": ["@msgpackr-extract/msgpackr-extract-linux-arm@3.0.3", "", { "os": "linux", "cpu": "arm" }, "sha512-fg0uy/dG/nZEXfYilKoRe7yALaNmHoYeIoJuJ7KJ+YyU2bvY8vPv27f7UKhGRpY6euFYqEVhxCFZgAUNQBM3nw=="],

    "@msgpackr-extract/msgpackr-extract-linux-arm64": ["@msgpackr-extract/msgpackr-extract-linux-arm64@3.0.3", "", { "os": "linux", "cpu": "arm64" }, "sha512-YxQL+ax0XqBJDZiKimS2XQaf+2wDGVa1enVRGzEvLLVFeqa5kx2bWbtcSXgsxjQB7nRqqIGFIcLteF/sHeVtQg=="],

    "@msgpackr-extract/msgpackr-extract-linux-x64": ["@msgpackr-extract/msgpackr-extract-linux-x64@3.0.3", "", { "os": "linux", "cpu": "x64" }, "sha512-cvwNfbP07pKUfq1uH+S6KJ7dT9K8WOE4ZiAcsrSes+UY55E/0jLYc+vq+DO7jlmqRb5zAggExKm0H7O/CBaesg=="],

    "@msgpackr-extract/msgpackr-extract-win32-x64": ["@msgpackr-extract/msgpackr-extract-win32-x64@3.0.3", "", { "os": "win32", "cpu": "x64" }, "sha512-x0fWaQtYp4E6sktbsdAqnehxDgEc/VwM7uLsRCYWaiGu0ykYdZPiS8zCWdnjHwyiumousxfBm4SO31eXqwEZhQ=="],

    "@oxfmt/darwin-arm64": ["@oxfmt/darwin-arm64@0.19.0", "", { "os": "darwin", "cpu": "arm64" }, "sha512-FfNpn3ximwbBZCaS8WL2vAXcFuQFQgvv/brO6D1WdmL4pnFOgfBIpFfkeFnKfdmdpxtg9O0wF8NTcdw5Iyl2Bg=="],

    "@oxfmt/darwin-x64": ["@oxfmt/darwin-x64@0.19.0", "", { "os": "darwin", "cpu": "x64" }, "sha512-31FWUHAgTdTzOslz0zoA60UDEdeZZpeM6wTzCdffetwLbHkK8ZuCuzd+DauHZPNlSU8G72iw4lF7Zve9pSkK9w=="],

    "@oxfmt/linux-arm64-gnu": ["@oxfmt/linux-arm64-gnu@0.19.0", "", { "os": "linux", "cpu": "arm64" }, "sha512-BkU9h39xKj/8uko82uFDJUharM8VxZO+uXKglpBnEC8XxWRzXocVCX4wpLT/Tfk4NyBy6fRM9DeISdZvQKZCjA=="],

    "@oxfmt/linux-arm64-musl": ["@oxfmt/linux-arm64-musl@0.19.0", "", { "os": "linux", "cpu": "arm64" }, "sha512-wWYk6Z/3iC+0zZAUkVCcEHui/IsUqsl+GEm9o6H7oARPLisXajbwCQcmqYslUD7eK6OXdYoWriBkEvSX/5dU4A=="],

    "@oxfmt/linux-x64-gnu": ["@oxfmt/linux-x64-gnu@0.19.0", "", { "os": "linux", "cpu": "x64" }, "sha512-EB/b3or437E3uDie8QxeU3eA502JcmR1koyIBcH9rFidY0cMik58xvw54tXCY3WpMRxEXf37aHZzUSDP3qJnZg=="],

    "@oxfmt/linux-x64-musl": ["@oxfmt/linux-x64-musl@0.19.0", "", { "os": "linux", "cpu": "x64" }, "sha512-htMB45orYoa1oFSjSmoGgcBDsD47/0joDfqpa8TrTDI5qsW5kAedpFR5wSce8Is9oj7SJ07omhOj96P/QiekWA=="],

    "@oxfmt/win32-arm64": ["@oxfmt/win32-arm64@0.19.0", "", { "os": "win32", "cpu": "arm64" }, "sha512-x7+3Eh/VWdXEda+BUmAKYlhGrRJVera7RfWw47Yx8PJUGtNqBfeYGDbf0W59ceK8Z3bY3OinrmOO3d1jOuXzMQ=="],

    "@oxfmt/win32-x64": ["@oxfmt/win32-x64@0.19.0", "", { "os": "win32", "cpu": "x64" }, "sha512-X+FKXBg2jx4CxF5SJs3xpx1msMw5JfxaGD5qBZYqlHGdryQsy6zUY+bQwDDcuy3Ic/WNGD8ZNEuggeYNE7jx/Q=="],

    "@oxlint/darwin-arm64": ["@oxlint/darwin-arm64@1.34.0", "", { "os": "darwin", "cpu": "arm64" }, "sha512-euz3Dtp5/UE9axFkQnllOWp3gOwoqaxfZPUUwiW8HBelqhI9PRMVIfQ/akmwl+G5XixQZIgXkXQ5SJxnb1+Qww=="],

    "@oxlint/darwin-x64": ["@oxlint/darwin-x64@1.34.0", "", { "os": "darwin", "cpu": "x64" }, "sha512-XpmNviE5KOnHkhmQPwJJIBs+mJkr0qItTZBN4dz+O3p9gWN+gCqi3CBP71RiVahZw4qAEQSgY4wro+z0kx+erg=="],

    "@oxlint/linux-arm64-gnu": ["@oxlint/linux-arm64-gnu@1.34.0", "", { "os": "linux", "cpu": "arm64" }, "sha512-aCPdoEUGsJGF9y88vDYoaugG4IEGwSBa+usyuAvEVl3vTfuTmE0RDQEC1Z+WnJ3J/cIEpbgKOzS12VwbzFicjg=="],

    "@oxlint/linux-arm64-musl": ["@oxlint/linux-arm64-musl@1.34.0", "", { "os": "linux", "cpu": "arm64" }, "sha512-cMo72LQBFmdnVLRKLAHD94ZUBq5Z+aA9Y+RKzkjhCmJuef5ZAfKC24TJD/6c5LxGYzkwwmyySoQAHq5B69i3PQ=="],

    "@oxlint/linux-x64-gnu": ["@oxlint/linux-x64-gnu@1.34.0", "", { "os": "linux", "cpu": "x64" }, "sha512-+9xFhhkqgNIysEh+uHvcba8v4UtL1YzxuyDS2wTLdWrkGvIllCx5WjJItt3K/AhwatciksgNEXSo2Hh4fcQRog=="],

    "@oxlint/linux-x64-musl": ["@oxlint/linux-x64-musl@1.34.0", "", { "os": "linux", "cpu": "x64" }, "sha512-qa7TL2DfEDdMeSP5UiU5JMs6D2PW7ZJAQ0WZYTgqDV8BlZ6nMkIYVBVIk3QPxIfkyxvfJVbG1RB3PkSWDcfwpA=="],

    "@oxlint/win32-arm64": ["@oxlint/win32-arm64@1.34.0", "", { "os": "win32", "cpu": "arm64" }, "sha512-mSJumUveg1S3DiOgvsrVNAGuvenBbbC/zsfT1qhltT+GLhJ7RPBK2I/jz0fTdE+I7M9/as8yc0XJ/eY23y2amA=="],

    "@oxlint/win32-x64": ["@oxlint/win32-x64@1.34.0", "", { "os": "win32", "cpu": "x64" }, "sha512-izsDDt5WY4FSISCkPRLUYQD1aRaaEJkPLtEZe3DlioSUdUVAdvVbE+BGllFqR16DWfTTwO/6K4jDeooxQzTMjw=="],

    "@parcel/watcher": ["@parcel/watcher@2.5.1", "", { "dependencies": { "detect-libc": "^1.0.3", "is-glob": "^4.0.3", "micromatch": "^4.0.5", "node-addon-api": "^7.0.0" }, "optionalDependencies": { "@parcel/watcher-android-arm64": "2.5.1", "@parcel/watcher-darwin-arm64": "2.5.1", "@parcel/watcher-darwin-x64": "2.5.1", "@parcel/watcher-freebsd-x64": "2.5.1", "@parcel/watcher-linux-arm-glibc": "2.5.1", "@parcel/watcher-linux-arm-musl": "2.5.1", "@parcel/watcher-linux-arm64-glibc": "2.5.1", "@parcel/watcher-linux-arm64-musl": "2.5.1", "@parcel/watcher-linux-x64-glibc": "2.5.1", "@parcel/watcher-linux-x64-musl": "2.5.1", "@parcel/watcher-win32-arm64": "2.5.1", "@parcel/watcher-win32-ia32": "2.5.1", "@parcel/watcher-win32-x64": "2.5.1" } }, "sha512-dfUnCxiN9H4ap84DvD2ubjw+3vUNpstxa0TneY/Paat8a3R4uQZDLSvWjmznAY/DoahqTHl9V46HF/Zs3F29pg=="],

    "@parcel/watcher-android-arm64": ["@parcel/watcher-android-arm64@2.5.1", "", { "os": "android", "cpu": "arm64" }, "sha512-KF8+j9nNbUN8vzOFDpRMsaKBHZ/mcjEjMToVMJOhTozkDonQFFrRcfdLWn6yWKCmJKmdVxSgHiYvTCef4/qcBA=="],

    "@parcel/watcher-darwin-arm64": ["@parcel/watcher-darwin-arm64@2.5.1", "", { "os": "darwin", "cpu": "arm64" }, "sha512-eAzPv5osDmZyBhou8PoF4i6RQXAfeKL9tjb3QzYuccXFMQU0ruIc/POh30ePnaOyD1UXdlKguHBmsTs53tVoPw=="],

    "@parcel/watcher-darwin-x64": ["@parcel/watcher-darwin-x64@2.5.1", "", { "os": "darwin", "cpu": "x64" }, "sha512-1ZXDthrnNmwv10A0/3AJNZ9JGlzrF82i3gNQcWOzd7nJ8aj+ILyW1MTxVk35Db0u91oD5Nlk9MBiujMlwmeXZg=="],

    "@parcel/watcher-freebsd-x64": ["@parcel/watcher-freebsd-x64@2.5.1", "", { "os": "freebsd", "cpu": "x64" }, "sha512-SI4eljM7Flp9yPuKi8W0ird8TI/JK6CSxju3NojVI6BjHsTyK7zxA9urjVjEKJ5MBYC+bLmMcbAWlZ+rFkLpJQ=="],

    "@parcel/watcher-linux-arm-glibc": ["@parcel/watcher-linux-arm-glibc@2.5.1", "", { "os": "linux", "cpu": "arm" }, "sha512-RCdZlEyTs8geyBkkcnPWvtXLY44BCeZKmGYRtSgtwwnHR4dxfHRG3gR99XdMEdQ7KeiDdasJwwvNSF5jKtDwdA=="],

    "@parcel/watcher-linux-arm-musl": ["@parcel/watcher-linux-arm-musl@2.5.1", "", { "os": "linux", "cpu": "arm" }, "sha512-6E+m/Mm1t1yhB8X412stiKFG3XykmgdIOqhjWj+VL8oHkKABfu/gjFj8DvLrYVHSBNC+/u5PeNrujiSQ1zwd1Q=="],

    "@parcel/watcher-linux-arm64-glibc": ["@parcel/watcher-linux-arm64-glibc@2.5.1", "", { "os": "linux", "cpu": "arm64" }, "sha512-LrGp+f02yU3BN9A+DGuY3v3bmnFUggAITBGriZHUREfNEzZh/GO06FF5u2kx8x+GBEUYfyTGamol4j3m9ANe8w=="],

    "@parcel/watcher-linux-arm64-musl": ["@parcel/watcher-linux-arm64-musl@2.5.1", "", { "os": "linux", "cpu": "arm64" }, "sha512-cFOjABi92pMYRXS7AcQv9/M1YuKRw8SZniCDw0ssQb/noPkRzA+HBDkwmyOJYp5wXcsTrhxO0zq1U11cK9jsFg=="],

    "@parcel/watcher-linux-x64-glibc": ["@parcel/watcher-linux-x64-glibc@2.5.1", "", { "os": "linux", "cpu": "x64" }, "sha512-GcESn8NZySmfwlTsIur+49yDqSny2IhPeZfXunQi48DMugKeZ7uy1FX83pO0X22sHntJ4Ub+9k34XQCX+oHt2A=="],

    "@parcel/watcher-linux-x64-musl": ["@parcel/watcher-linux-x64-musl@2.5.1", "", { "os": "linux", "cpu": "x64" }, "sha512-n0E2EQbatQ3bXhcH2D1XIAANAcTZkQICBPVaxMeaCVBtOpBZpWJuf7LwyWPSBDITb7In8mqQgJ7gH8CILCURXg=="],

    "@parcel/watcher-win32-arm64": ["@parcel/watcher-win32-arm64@2.5.1", "", { "os": "win32", "cpu": "arm64" }, "sha512-RFzklRvmc3PkjKjry3hLF9wD7ppR4AKcWNzH7kXR7GUe0Igb3Nz8fyPwtZCSquGrhU5HhUNDr/mKBqj7tqA2Vw=="],

    "@parcel/watcher-win32-ia32": ["@parcel/watcher-win32-ia32@2.5.1", "", { "os": "win32", "cpu": "ia32" }, "sha512-c2KkcVN+NJmuA7CGlaGD1qJh1cLfDnQsHjE89E60vUEMlqduHGCdCLJCID5geFVM0dOtA3ZiIO8BoEQmzQVfpQ=="],

    "@parcel/watcher-win32-x64": ["@parcel/watcher-win32-x64@2.5.1", "", { "os": "win32", "cpu": "x64" }, "sha512-9lHBdJITeNR++EvSQVUcaZoWupyHfXe1jZvGZ06O/5MflPcuPLtEphScIBL+AiCWBO46tDSHzWyD0uDmmZqsgA=="],

    "@standard-schema/spec": ["@standard-schema/spec@1.1.0", "", {}, "sha512-l2aFy5jALhniG5HgqrD6jXLi/rUWrKvqN/qJx6yoJsgKhblVd+iqqU4RCXavm/jPityDo5TCvKMnpjKnOriy0w=="],

    "@types/bun": ["@types/bun@1.3.5", "", { "dependencies": { "bun-types": "1.3.5" } }, "sha512-RnygCqNrd3srIPEWBd5LFeUYG7plCoH2Yw9WaZGyNmdTEei+gWaHqydbaIRkIkcbXwhBT94q78QljxN0Sk838w=="],

    "@types/node": ["@types/node@25.0.3", "", { "dependencies": { "undici-types": "~7.16.0" } }, "sha512-W609buLVRVmeW693xKfzHeIV6nJGGz98uCPfeXI1ELMLXVeKYZ9m15fAMSaUPBHYLGFsVRcMmSCksQOrZV9BYA=="],

    "ansi-escapes": ["ansi-escapes@7.2.0", "", { "dependencies": { "environment": "^1.0.0" } }, "sha512-g6LhBsl+GBPRWGWsBtutpzBYuIIdBkLEvad5C/va/74Db018+5TZiyA26cZJAr3Rft5lprVqOIPxf5Vid6tqAw=="],

    "ansi-regex": ["ansi-regex@6.2.2", "", {}, "sha512-Bq3SmSpyFHaWjPk8If9yc6svM8c56dB5BAtW4Qbw5jHTwwXXcTLoRMkpDJp6VL0XzlWaCHTXrkFURMYmD0sLqg=="],

    "ansi-styles": ["ansi-styles@6.2.3", "", {}, "sha512-4Dj6M28JB+oAH8kFkTLUo+a2jwOFkuqb3yucU0CANcRRUbxS0cP0nZYCGjcc3BNXwRIsUVmDGgzawme7zvJHvg=="],

    "backend": ["backend@workspace:packages/backend"],

    "braces": ["braces@3.0.3", "", { "dependencies": { "fill-range": "^7.1.1" } }, "sha512-yQbXgO/OSZVD2IsiLlro+7Hf6Q18EJrKSEsdoMzKePKXct3gvD8oLcOQdIzGupr5Fj+EDe8gO/lxc1BzfMpxvA=="],

    "bun-types": ["bun-types@1.3.5", "", { "dependencies": { "@types/node": "*" } }, "sha512-inmAYe2PFLs0SUbFOWSVD24sg1jFlMPxOjOSSCYqUgn4Hsc3rDc7dFvfVYjFPNHtov6kgUeulV4SxbuIV/stPw=="],

    "cli-cursor": ["cli-cursor@5.0.0", "", { "dependencies": { "restore-cursor": "^5.0.0" } }, "sha512-aCj4O5wKyszjMmDT4tZj93kxyydN/K5zPWSCe6/0AV/AA1pqe5ZBIw0a2ZfPQV7lL5/yb5HsUreJ6UFAF1tEQw=="],

    "cli-truncate": ["cli-truncate@5.1.1", "", { "dependencies": { "slice-ansi": "^7.1.0", "string-width": "^8.0.0" } }, "sha512-SroPvNHxUnk+vIW/dOSfNqdy1sPEFkrTk6TUtqLCnBlo3N7TNYYkzzN7uSD6+jVjrdO4+p8nH7JzH6cIvUem6A=="],

    "colorette": ["colorette@2.0.20", "", {}, "sha512-IfEDxwoWIjkeXL1eXcDiow4UbKjhLdq6/EuSVR9GMN7KVH3r9gQ83e73hsz1Nd1T3ijd5xv1wcWRYO+D6kCI2w=="],

    "commander": ["commander@14.0.2", "", {}, "sha512-TywoWNNRbhoD0BXs1P3ZEScW8W5iKrnbithIl0YH+uCmBd0QpPOA8yc82DS3BIE5Ma6FnBVUsJ7wVUDz4dvOWQ=="],

    "convex": ["convex@1.31.2", "", { "dependencies": { "esbuild": "0.25.4", "prettier": "^3.0.0" }, "peerDependencies": { "@auth0/auth0-react": "^2.0.1", "@clerk/clerk-react": "^4.12.8 || ^5.0.0", "react": "^18.0.0 || ^19.0.0-0 || ^19.0.0" }, "optionalPeers": ["@auth0/auth0-react", "@clerk/clerk-react", "react"], "bin": { "convex": "bin/main.js" } }, "sha512-RFuJOwlL2bM5X63egvBI5ZZZH6wESREpAbHsLjODxzDeJuewTLKrEnbvHV/NWp1uJYpgEFJziuGHmZ0tnAmmJg=="],

    "detect-libc": ["detect-libc@1.0.3", "", { "bin": { "detect-libc": "./bin/detect-libc.js" } }, "sha512-pGjwhsmsp4kL2RTz08wcOlGN83otlqHeD/Z5T8GXZB+/YcpQ/dgo+lbU8ZsGxV0HIvqqxo9l7mqYwyYMD9bKDg=="],

    "effect": ["effect@3.19.13", "", { "dependencies": { "@standard-schema/spec": "^1.0.0", "fast-check": "^3.23.1" } }, "sha512-8MZ783YuHRwHZX2Mmm+bpGxq+7XPd88sWwYAz2Ysry80sEKpftDZXs2Hg9ZyjESi1IBTNHF0oDKe0zJRkUlyew=="],

    "emoji-regex": ["emoji-regex@10.6.0", "", {}, "sha512-toUI84YS5YmxW219erniWD0CIVOo46xGKColeNQRgOzDorgBi1v4D71/OFzgD9GO2UGKIv1C3Sp8DAn0+j5w7A=="],

    "environment": ["environment@1.1.0", "", {}, "sha512-xUtoPkMggbz0MPyPiIWr1Kp4aeWJjDZ6SMvURhimjdZgsRuDplF5/s9hcgGhyXMhs+6vpnuoiZ2kFiu3FMnS8Q=="],

    "esbuild": ["esbuild@0.25.4", "", { "optionalDependencies": { "@esbuild/aix-ppc64": "0.25.4", "@esbuild/android-arm": "0.25.4", "@esbuild/android-arm64": "0.25.4", "@esbuild/android-x64": "0.25.4", "@esbuild/darwin-arm64": "0.25.4", "@esbuild/darwin-x64": "0.25.4", "@esbuild/freebsd-arm64": "0.25.4", "@esbuild/freebsd-x64": "0.25.4", "@esbuild/linux-arm": "0.25.4", "@esbuild/linux-arm64": "0.25.4", "@esbuild/linux-ia32": "0.25.4", "@esbuild/linux-loong64": "0.25.4", "@esbuild/linux-mips64el": "0.25.4", "@esbuild/linux-ppc64": "0.25.4", "@esbuild/linux-riscv64": "0.25.4", "@esbuild/linux-s390x": "0.25.4", "@esbuild/linux-x64": "0.25.4", "@esbuild/netbsd-arm64": "0.25.4", "@esbuild/netbsd-x64": "0.25.4", "@esbuild/openbsd-arm64": "0.25.4", "@esbuild/openbsd-x64": "0.25.4", "@esbuild/sunos-x64": "0.25.4", "@esbuild/win32-arm64": "0.25.4", "@esbuild/win32-ia32": "0.25.4", "@esbuild/win32-x64": "0.25.4" }, "bin": { "esbuild": "bin/esbuild" } }, "sha512-8pgjLUcUjcgDg+2Q4NYXnPbo/vncAY4UmyaCm0jZevERqCHZIaWwdJHkf8XQtu4AxSKCdvrUbT0XUr1IdZzI8Q=="],

    "eventemitter3": ["eventemitter3@5.0.1", "", {}, "sha512-GWkBvjiSZK87ELrYOSESUYeVIc9mvLLf/nXalMOS5dYrgZq9o5OVkbZAVM06CVxYsCwH9BDZFPlQTlPA1j4ahA=="],

    "fast-check": ["fast-check@3.23.2", "", { "dependencies": { "pure-rand": "^6.1.0" } }, "sha512-h5+1OzzfCC3Ef7VbtKdcv7zsstUQwUDlYpUTvjeUsJAssPgLn7QzbboPtL5ro04Mq0rPOsMzl7q5hIbRs2wD1A=="],

    "fill-range": ["fill-range@7.1.1", "", { "dependencies": { "to-regex-range": "^5.0.1" } }, "sha512-YsGpe3WHLK8ZYi4tWDg2Jy3ebRz2rXowDxnld4bkQB00cc/1Zw9AWnC0i9ztDJitivtQvaI9KaLyKrc+hBW0yg=="],

    "find-my-way-ts": ["find-my-way-ts@0.1.6", "", {}, "sha512-a85L9ZoXtNAey3Y6Z+eBWW658kO/MwR7zIafkIUPUMf3isZG0NCs2pjW2wtjxAKuJPxMAsHUIP4ZPGv0o5gyTA=="],

    "get-east-asian-width": ["get-east-asian-width@1.4.0", "", {}, "sha512-QZjmEOC+IT1uk6Rx0sX22V6uHWVwbdbxf1faPqJ1QhLdGgsRGCZoyaQBm/piRdJy/D2um6hM1UP7ZEeQ4EkP+Q=="],

    "gpt-tokenizer": ["gpt-tokenizer@2.9.0", "", {}, "sha512-YSpexBL/k4bfliAzMrRqn3M6+it02LutVyhVpDeMKrC/O9+pCe/5s8U2hYKa2vFLD5/vHhsKc8sOn/qGqII8Kg=="],

    "husky": ["husky@9.1.7", "", { "bin": { "husky": "bin.js" } }, "sha512-5gs5ytaNjBrh5Ow3zrvdUUY+0VxIuWVL4i9irt6friV+BqdCfmV11CQTWMiBYWHbXhco+J1kHfTOUkePhCDvMA=="],

    "is-extglob": ["is-extglob@2.1.1", "", {}, "sha512-SbKbANkN603Vi4jEZv49LeVJMn4yGwsbzZworEoyEiutsN3nJYdbO36zfhGJ6QEDpOZIFkDtnq5JRxmvl3jsoQ=="],

    "is-fullwidth-code-point": ["is-fullwidth-code-point@5.1.0", "", { "dependencies": { "get-east-asian-width": "^1.3.1" } }, "sha512-5XHYaSyiqADb4RnZ1Bdad6cPp8Toise4TzEjcOYDHZkTCbKgiUl7WTUCpNWHuxmDt91wnsZBc9xinNzopv3JMQ=="],

    "is-glob": ["is-glob@4.0.3", "", { "dependencies": { "is-extglob": "^2.1.1" } }, "sha512-xelSayHH36ZgE7ZWhli7pW34hNbNl8Ojv5KVmkJD4hBdD3th8Tfk9vYasLM+mXWOZhFkgZfxhLSnrwRr4elSSg=="],

    "is-number": ["is-number@7.0.0", "", {}, "sha512-41Cifkg6e8TylSpdtTpeLVMqvSBEVzTttHvERD741+pnZ8ANv0004MRL43QKPDlK9cGvNp6NZWZUBlbGXYxxng=="],

    "kubernetes-types": ["kubernetes-types@1.30.0", "", {}, "sha512-Dew1okvhM/SQcIa2rcgujNndZwU8VnSapDgdxlYoB84ZlpAD43U6KLAFqYo17ykSFGHNPrg0qry0bP+GJd9v7Q=="],

    "lint-staged": ["lint-staged@16.2.7", "", { "dependencies": { "commander": "^14.0.2", "listr2": "^9.0.5", "micromatch": "^4.0.8", "nano-spawn": "^2.0.0", "pidtree": "^0.6.0", "string-argv": "^0.3.2", "yaml": "^2.8.1" }, "bin": { "lint-staged": "bin/lint-staged.js" } }, "sha512-lDIj4RnYmK7/kXMya+qJsmkRFkGolciXjrsZ6PC25GdTfWOAWetR0ZbsNXRAj1EHHImRSalc+whZFg56F5DVow=="],

    "listr2": ["listr2@9.0.5", "", { "dependencies": { "cli-truncate": "^5.0.0", "colorette": "^2.0.20", "eventemitter3": "^5.0.1", "log-update": "^6.1.0", "rfdc": "^1.4.1", "wrap-ansi": "^9.0.0" } }, "sha512-ME4Fb83LgEgwNw96RKNvKV4VTLuXfoKudAmm2lP8Kk87KaMK0/Xrx/aAkMWmT8mDb+3MlFDspfbCs7adjRxA2g=="],

    "log-update": ["log-update@6.1.0", "", { "dependencies": { "ansi-escapes": "^7.0.0", "cli-cursor": "^5.0.0", "slice-ansi": "^7.1.0", "strip-ansi": "^7.1.0", "wrap-ansi": "^9.0.0" } }, "sha512-9ie8ItPR6tjY5uYJh8K/Zrv/RMZ5VOlOWvtZdEHYSTFKZfIBPQa9tOAEeAWhd+AnIneLJ22w5fjOYtoutpWq5w=="],

    "micromatch": ["micromatch@4.0.8", "", { "dependencies": { "braces": "^3.0.3", "picomatch": "^2.3.1" } }, "sha512-PXwfBhYu0hBCPw8Dn0E+WDYb7af3dSLVWKi3HGv84IdF4TyFoC0ysxFd0Goxw7nSv4T/PzEJQxsYsEiFCKo2BA=="],

    "mimic-function": ["mimic-function@5.0.1", "", {}, "sha512-VP79XUPxV2CigYP3jWwAUFSku2aKqBH7uTAapFWCBqutsbmDo96KY5o8uh6U+/YSIn5OxJnXp73beVkpqMIGhA=="],

    "msgpackr": ["msgpackr@1.11.8", "", { "optionalDependencies": { "msgpackr-extract": "^3.0.2" } }, "sha512-bC4UGzHhVvgDNS7kn9tV8fAucIYUBuGojcaLiz7v+P63Lmtm0Xeji8B/8tYKddALXxJLpwIeBmUN3u64C4YkRA=="],

    "msgpackr-extract": ["msgpackr-extract@3.0.3", "", { "dependencies": { "node-gyp-build-optional-packages": "5.2.2" }, "optionalDependencies": { "@msgpackr-extract/msgpackr-extract-darwin-arm64": "3.0.3", "@msgpackr-extract/msgpackr-extract-darwin-x64": "3.0.3", "@msgpackr-extract/msgpackr-extract-linux-arm": "3.0.3", "@msgpackr-extract/msgpackr-extract-linux-arm64": "3.0.3", "@msgpackr-extract/msgpackr-extract-linux-x64": "3.0.3", "@msgpackr-extract/msgpackr-extract-win32-x64": "3.0.3" }, "bin": { "download-msgpackr-prebuilds": "bin/download-prebuilds.js" } }, "sha512-P0efT1C9jIdVRefqjzOQ9Xml57zpOXnIuS+csaB4MdZbTdmGDLo8XhzBG1N7aO11gKDDkJvBLULeFTo46wwreA=="],

    "multipasta": ["multipasta@0.2.7", "", {}, "sha512-KPA58d68KgGil15oDqXjkUBEBYc00XvbPj5/X+dyzeo/lWm9Nc25pQRlf1D+gv4OpK7NM0J1odrbu9JNNGvynA=="],

    "nano-spawn": ["nano-spawn@2.0.0", "", {}, "sha512-tacvGzUY5o2D8CBh2rrwxyNojUsZNU2zjNTzKQrkgGJQTbGAfArVWXSKMBokBeeg6C7OLRGUEyoFlYbfeWQIqw=="],

    "node-addon-api": ["node-addon-api@7.1.1", "", {}, "sha512-5m3bsyrjFWE1xf7nz7YXdN4udnVtXK6/Yfgn5qnahL6bCkf2yKt4k3nuTKAtT4r3IG8JNR2ncsIMdZuAzJjHQQ=="],

    "node-gyp-build-optional-packages": ["node-gyp-build-optional-packages@5.2.2", "", { "dependencies": { "detect-libc": "^2.0.1" }, "bin": { "node-gyp-build-optional-packages": "bin.js", "node-gyp-build-optional-packages-optional": "optional.js", "node-gyp-build-optional-packages-test": "build-test.js" } }, "sha512-s+w+rBWnpTMwSFbaE0UXsRlg7hU4FjekKU4eyAih5T8nJuNZT1nNsskXpxmeqSK9UzkBl6UgRlnKc8hz8IEqOw=="],

    "nodejs-polars": ["nodejs-polars@0.23.4", "", { "optionalDependencies": { "nodejs-polars-android-arm64": "0.23.4", "nodejs-polars-darwin-arm64": "0.23.4", "nodejs-polars-darwin-x64": "0.23.4", "nodejs-polars-linux-arm64-gnu": "0.23.4", "nodejs-polars-linux-arm64-musl": "0.23.4", "nodejs-polars-linux-x64-gnu": "0.23.4", "nodejs-polars-linux-x64-musl": "0.23.4", "nodejs-polars-win32-x64-msvc": "0.23.4" } }, "sha512-7UL1GUN53GSRcWclmeG0j59G7Gi1OH1kI1RXkvI3XDz8Dfn2gJ9nj4ijwhmo/a/f9dx0sCDpSVKkk2AEGtJW/w=="],

    "nodejs-polars-android-arm64": ["nodejs-polars-android-arm64@0.23.4", "", { "os": "android", "cpu": "arm64" }, "sha512-cF/gmd9B52HbBfH1p4adMnuAzOfp81X0+pUmnF9thjiYTiKqqaMNVnBjq601Rcol629xYVt9LMkhNWg7ngXy2A=="],

    "nodejs-polars-darwin-arm64": ["nodejs-polars-darwin-arm64@0.23.4", "", { "os": "darwin", "cpu": "arm64" }, "sha512-NWdhFOOPdgQNBfKOL9MWd06DxVl8WG+r3Nz6nflS0qj+JCRvaNP7V3/Oxxar60xfTRrm8D6NtiLzaAgqC+3g2Q=="],

    "nodejs-polars-darwin-x64": ["nodejs-polars-darwin-x64@0.23.4", "", { "os": "darwin", "cpu": "x64" }, "sha512-By5N2QUe9MPQ/CxKMDrFOXEhxwwho5wA+zQ9v0fJuYNS77/3Z9Qyk/nO8P9wNvlwnatE1x8fwIzOaZo8O3tNtQ=="],

    "nodejs-polars-linux-arm64-gnu": ["nodejs-polars-linux-arm64-gnu@0.23.4", "", { "os": "linux", "cpu": "arm64" }, "sha512-hUvhlrCYWKeYfQ24u/yutFNvw0HmJyjVqxK7OVMsBJwf3oG2JXMyxN1L/RB2VcQmv4aNKrvgiIs1o+fsKGDwXA=="],

    "nodejs-polars-linux-arm64-musl": ["nodejs-polars-linux-arm64-musl@0.23.4", "", { "os": "linux", "cpu": "arm64" }, "sha512-7WUxloQzbPUE6gxqya8iaGU56ic/L+JaVIv6W+/FJyloR74JXPrua7pCnmhFzR24i6DCXQwzM+oih4Zca8dVGQ=="],

    "nodejs-polars-linux-x64-gnu": ["nodejs-polars-linux-x64-gnu@0.23.4", "", { "os": "linux", "cpu": "x64" }, "sha512-rZxgkOqSld6s4dLLY0kaT6LiGUymqe7/kNQrIkshoW+2xrxkkIPYepyCfStzsuYuYtBirMWn6IrGh4gAqNtZIQ=="],

    "nodejs-polars-linux-x64-musl": ["nodejs-polars-linux-x64-musl@0.23.4", "", { "os": "linux", "cpu": "x64" }, "sha512-BKKTxZFg/ABvkq2JL/3PAKSd477Vt/JSJIu/gZjpthWo9WSUoZ1wiRC6Xi4xZYIfJK+TMhTbRgoCVxs6ctG6JA=="],

    "nodejs-polars-win32-x64-msvc": ["nodejs-polars-win32-x64-msvc@0.23.4", "", { "os": "win32", "cpu": "x64" }, "sha512-RhtSx/PARCUcqL0Q8YDvaw8+UZCuiDQoeQXVfZmoJmUi79Wfjm1aCg8ctukQtZmT4TaxVmKfFcD6G/0VwDeiUg=="],

    "onetime": ["onetime@7.0.0", "", { "dependencies": { "mimic-function": "^5.0.0" } }, "sha512-VXJjc87FScF88uafS3JllDgvAm+c/Slfz06lorj2uAY34rlUu0Nt+v8wreiImcrgAjjIHp1rXpTDlLOGw29WwQ=="],

    "oxfmt": ["oxfmt@0.19.0", "", { "dependencies": { "tinypool": "2.0.0" }, "optionalDependencies": { "@oxfmt/darwin-arm64": "0.19.0", "@oxfmt/darwin-x64": "0.19.0", "@oxfmt/linux-arm64-gnu": "0.19.0", "@oxfmt/linux-arm64-musl": "0.19.0", "@oxfmt/linux-x64-gnu": "0.19.0", "@oxfmt/linux-x64-musl": "0.19.0", "@oxfmt/win32-arm64": "0.19.0", "@oxfmt/win32-x64": "0.19.0" }, "bin": { "oxfmt": "bin/oxfmt" } }, "sha512-tPTa3j4kXdJBzBRlK9wR0/Lnd4J21rzg29cRr/VVqqfvdhZs6M+Q6TkL+rxI/IQpq8ZY8L3c+KZvga/RgeuMsg=="],

    "oxlint": ["oxlint@1.34.0", "", { "optionalDependencies": { "@oxlint/darwin-arm64": "1.34.0", "@oxlint/darwin-x64": "1.34.0", "@oxlint/linux-arm64-gnu": "1.34.0", "@oxlint/linux-arm64-musl": "1.34.0", "@oxlint/linux-x64-gnu": "1.34.0", "@oxlint/linux-x64-musl": "1.34.0", "@oxlint/win32-arm64": "1.34.0", "@oxlint/win32-x64": "1.34.0" }, "peerDependencies": { "oxlint-tsgolint": ">=0.9.2" }, "optionalPeers": ["oxlint-tsgolint"], "bin": { "oxc_language_server": "bin/oxc_language_server", "oxlint": "bin/oxlint" } }, "sha512-Ni0N8wAiKlgaYkI/Yz4VrutfVIZgd2shDtS+loQxyBTwO8YUAnk3+g7OQ1cyI/aatHiFwvFNfV/uvZyHUtyPpA=="],

    "picomatch": ["picomatch@2.3.1", "", {}, "sha512-JU3teHTNjmE2VCGFzuY8EXzCDVwEqB2a8fsIvwaStHhAWJEeVd1o1QD80CU6+ZdEXXSLbSsuLwJjkCBWqRQUVA=="],

    "pidtree": ["pidtree@0.6.0", "", { "bin": { "pidtree": "bin/pidtree.js" } }, "sha512-eG2dWTVw5bzqGRztnHExczNxt5VGsE6OwTeCG3fdUf9KBsZzO3R5OIIIzWR+iZA0NtZ+RDVdaoE2dK1cn6jH4g=="],

    "prettier": ["prettier@3.7.4", "", { "bin": { "prettier": "bin/prettier.cjs" } }, "sha512-v6UNi1+3hSlVvv8fSaoUbggEM5VErKmmpGA7Pl3HF8V6uKY7rvClBOJlH6yNwQtfTueNkGVpOv/mtWL9L4bgRA=="],

    "pure-rand": ["pure-rand@6.1.0", "", {}, "sha512-bVWawvoZoBYpp6yIoQtQXHZjmz35RSVHnUOTefl8Vcjr8snTPY1wnpSPMWekcFwbxI6gtmT7rSYPFvz71ldiOA=="],

    "restore-cursor": ["restore-cursor@5.1.0", "", { "dependencies": { "onetime": "^7.0.0", "signal-exit": "^4.1.0" } }, "sha512-oMA2dcrw6u0YfxJQXm342bFKX/E4sG9rbTzO9ptUcR/e8A33cHuvStiYOwH7fszkZlZ1z/ta9AAoPk2F4qIOHA=="],

    "rfdc": ["rfdc@1.4.1", "", {}, "sha512-q1b3N5QkRUWUl7iyylaaj3kOpIT0N2i9MqIEQXP73GVsN9cw3fdx8X63cEmWhJGi2PPCF23Ijp7ktmd39rawIA=="],

    "signal-exit": ["signal-exit@4.1.0", "", {}, "sha512-bzyZ1e88w9O1iNJbKnOlvYTrWPDl46O1bG0D3XInv+9tkPrxrN8jUUTiFlDkkmKWgn1M6CfIA13SuGqOa9Korw=="],

    "slice-ansi": ["slice-ansi@7.1.2", "", { "dependencies": { "ansi-styles": "^6.2.1", "is-fullwidth-code-point": "^5.0.0" } }, "sha512-iOBWFgUX7caIZiuutICxVgX1SdxwAVFFKwt1EvMYYec/NWO5meOJ6K5uQxhrYBdQJne4KxiqZc+KptFOWFSI9w=="],

    "string-argv": ["string-argv@0.3.2", "", {}, "sha512-aqD2Q0144Z+/RqG52NeHEkZauTAUWJO8c6yTftGJKO3Tja5tUgIfmIl6kExvhtxSDP7fXB6DvzkfMpCd/F3G+Q=="],

    "string-width": ["string-width@8.1.0", "", { "dependencies": { "get-east-asian-width": "^1.3.0", "strip-ansi": "^7.1.0" } }, "sha512-Kxl3KJGb/gxkaUMOjRsQ8IrXiGW75O4E3RPjFIINOVH8AMl2SQ/yWdTzWwF3FevIX9LcMAjJW+GRwAlAbTSXdg=="],

    "strip-ansi": ["strip-ansi@7.1.2", "", { "dependencies": { "ansi-regex": "^6.0.1" } }, "sha512-gmBGslpoQJtgnMAvOVqGZpEz9dyoKTCzy2nfz/n8aIFhN/jCE/rCmcxabB6jOOHV+0WNnylOxaxBQPSvcWklhA=="],

    "tiktoken": ["tiktoken@1.0.22", "", {}, "sha512-PKvy1rVF1RibfF3JlXBSP0Jrcw2uq3yXdgcEXtKTYn3QJ/cBRBHDnrJ5jHky+MENZ6DIPwNUGWpkVx+7joCpNA=="],

    "tinypool": ["tinypool@2.0.0", "", {}, "sha512-/RX9RzeH2xU5ADE7n2Ykvmi9ED3FBGPAjw9u3zucrNNaEBIO0HPSYgL0NT7+3p147ojeSdaVu08F6hjpv31HJg=="],

    "to-regex-range": ["to-regex-range@5.0.1", "", { "dependencies": { "is-number": "^7.0.0" } }, "sha512-65P7iz6X5yEr1cwcgvQxbbIw7Uk3gOy5dIdtZ4rDveLqhrdJP+Li/Hx6tyK0NEb+2GCyneCMJiGqrADCSNk8sQ=="],

    "typescript": ["typescript@5.9.3", "", { "bin": { "tsc": "bin/tsc", "tsserver": "bin/tsserver" } }, "sha512-jl1vZzPDinLr9eUt3J/t7V6FgNEw9QjvBPdysz9KfQDD41fQrC2Y4vKQdiaUpFT4bXlb1RHhLpp8wtm6M5TgSw=="],

    "undici-types": ["undici-types@7.16.0", "", {}, "sha512-Zz+aZWSj8LE6zoxD+xrjh4VfkIG8Ya6LvYkZqtUQGJPZjYl53ypCaUwWqo7eI0x66KBGeRo+mlBEkMSeSZ38Nw=="],

    "uuid": ["uuid@11.1.0", "", { "bin": { "uuid": "dist/esm/bin/uuid" } }, "sha512-0/A9rDy9P7cJ+8w1c9WD9V//9Wj15Ce2MPz8Ri6032usz+NfePxx5AcN3bN+r6ZL6jEo066/yNYB3tn4pQEx+A=="],

    "wrap-ansi": ["wrap-ansi@9.0.2", "", { "dependencies": { "ansi-styles": "^6.2.1", "string-width": "^7.0.0", "strip-ansi": "^7.1.0" } }, "sha512-42AtmgqjV+X1VpdOfyTGOYRi0/zsoLqtXQckTmqTeybT+BDIbM/Guxo7x3pE2vtpr1ok6xRqM9OpBe+Jyoqyww=="],

    "ws": ["ws@8.18.3", "", { "peerDependencies": { "bufferutil": "^4.0.1", "utf-8-validate": ">=5.0.2" }, "optionalPeers": ["bufferutil", "utf-8-validate"] }, "sha512-PEIGCY5tSlUt50cqyMXfCzX+oOPqN0vuGqWzbcJ2xvnkzkq46oOpz7dQaTDBdfICb4N14+GARUDw2XV2N4tvzg=="],

    "yaml": ["yaml@2.8.2", "", { "bin": { "yaml": "bin.mjs" } }, "sha512-mplynKqc1C2hTVYxd0PU2xQAc22TI1vShAYGksCCfxbn/dFwnHTNi1bvYsBTkhdUNtGIf5xNOg938rrSSYvS9A=="],

    "@anthropic-ai/tokenizer/@types/node": ["@types/node@18.19.130", "", { "dependencies": { "undici-types": "~5.26.4" } }, "sha512-GRaXQx6jGfL8sKfaIDD6OupbIHBr9jv7Jnaml9tB7l4v068PAOXqfcujMMo5PhbIs6ggR1XODELqahT2R8v0fg=="],

    "backend/@effect/ai": ["@effect/ai@0.33.0", "", { "dependencies": { "find-my-way-ts": "^0.1.6" }, "peerDependencies": { "@effect/experimental": "^0.58.0", "@effect/platform": "^0.94.0", "@effect/rpc": "^0.73.0", "effect": "^3.19.13" } }, "sha512-ffIbZZCknJtq8Jblz3Fiw7dfxUh8Bl1pXenaWidjgdf4gF8MQer4rly5DMCUMncjRScvxzY6/h73Krq2Iwg3/A=="],

    "backend/@effect/ai-anthropic": ["@effect/ai-anthropic@0.23.0", "", { "dependencies": { "@anthropic-ai/tokenizer": "^0.0.4" }, "peerDependencies": { "@effect/ai": "^0.33.0", "@effect/experimental": "^0.58.0", "@effect/platform": "^0.94.0", "effect": "^3.19.13" } }, "sha512-ftkyQpTY4OCPTe9hlB53WCXseWm11lOf+zXDNCJG2nAqW5mZ+4kd/PPiqV7jd2zDukAtLc0I+R3EGs1fOLCG5A=="],

    "backend/@effect/ai-google": ["@effect/ai-google@0.12.0", "", { "peerDependencies": { "@effect/ai": "^0.33.0", "@effect/experimental": "^0.58.0", "@effect/platform": "^0.94.0", "effect": "^3.19.13" } }, "sha512-a1oamKpbYNXRRuOKLVlnXlW7yRYuAYon5wptBGWoxjTJEH26ezXJMsBSxUvxz8Mroq8UCntrJRt/KnN4A8laQg=="],

    "backend/@effect/ai-openai": ["@effect/ai-openai@0.37.0", "", { "dependencies": { "gpt-tokenizer": "^2.9.0" }, "peerDependencies": { "@effect/ai": "^0.33.0", "@effect/experimental": "^0.58.0", "@effect/platform": "^0.94.0", "effect": "^3.19.13" } }, "sha512-Rz6QNJqx8qpzPTNcMf6MjEHM81klrhMW0D1MNzP079PHvslOzWyGF58eikgCDWpX3y+cYnYrcjLFtgYzPJnGww=="],

    "backend/@effect/platform": ["@effect/platform@0.94.0", "", { "dependencies": { "find-my-way-ts": "^0.1.6", "msgpackr": "^1.11.4", "multipasta": "^0.2.7" }, "peerDependencies": { "effect": "^3.19.13" } }, "sha512-oIATd3M+RUe2q+bu0Qpgt4/qSbXBM9OEGBrRW7SvtwXGOWkCYkN+LfOPnmPrbMB7jYjpIb7808T1bONM1Nwgfg=="],

    "node-gyp-build-optional-packages/detect-libc": ["detect-libc@2.1.2", "", {}, "sha512-Btj2BOOO83o3WyH59e8MgXsxEQVcarkUOpEYrubB0urwnN10yQ364rsiByU11nZlqWYZm05i/of7io4mzihBtQ=="],

    "wrap-ansi/string-width": ["string-width@7.2.0", "", { "dependencies": { "emoji-regex": "^10.3.0", "get-east-asian-width": "^1.0.0", "strip-ansi": "^7.1.0" } }, "sha512-tsaTIkKW9b4N+AEj+SVA+WhJzV7/zMhcSu78mLKWSk7cXMOSHsBKFWUs0fWwq8QyK3MgJBQRX6Gbi4kYbdvGkQ=="],

    "@anthropic-ai/tokenizer/@types/node/undici-types": ["undici-types@5.26.5", "", {}, "sha512-JlCMO+ehdEIKqlFxk6IfVoAUVmgz7cU7zD/h9XZ0qzeosSHmUJVOzSQvvYSYWXkFXC+IfLKSIffhv0sVZup6pA=="],
  }
}
